
Microsoft Visual Studio Solution File, Format Version 12.00
# Visual Studio Version 17
VisualStudioVersion = 17.0.31410.414
MinimumVisualStudioVersion = 10.0.40219.1
Project("{FAE04EC0-301F-11D3-BF4B-00C04F79EFBC}") = "SMU", "SMU\SMU.csproj", "{6C0A234B-0364-4EBB-A71A-B6F675F519B0}"
EndProject
Global
	GlobalSection(SolutionConfigurationPlatforms) = preSolution
		Debug|Any CPU = Debug|Any CPU
		Release|Any CPU = Release|Any CPU
	EndGlobalSection
	GlobalSection(ProjectConfigurationPlatforms) = postSolution
		{6C0A234B-0364-4EBB-A71A-B6F675F519B0}.Debug|Any CPU.ActiveCfg = Debug|Any CPU
		{6C0A234B-0364-4EBB-A71A-B6F675F519B0}.Debug|Any CPU.Build.0 = Debug|Any CPU
		{6C0A234B-0364-4EBB-A71A-B6F675F519B0}.Release|Any CPU.ActiveCfg = Release|Any CPU
		{6C0A234B-0364-4EBB-A71A-B6F675F519B0}.Release|Any CPU.Build.0 = Release|Any CPU
	EndGlobalSection
	GlobalSection(SolutionProperties) = preSolution
		HideSolutionNode = FALSE
	EndGlobalSection
	GlobalSection(ExtensibilityGlobals) = postSolution
		SolutionGuid = {F6AE68FC-6AF5-46E1-9154-5D06D39E0257}
	EndGlobalSection
EndGlobal
